// !$*UTF8*$!
{
	archiveVersion = 1;
	classes = {
	};
	objectVersion = 46;
	objects = {

/* Begin PBXBuildFile section */
		B136590E1B91780E00292933 /* AppDelegate.swift in Sources */ = {isa = PBXBuildFile; fileRef = B136590D1B91780E00292933 /* AppDelegate.swift */; };
		B13659101B91780E00292933 /* ViewController.swift in Sources */ = {isa = PBXBuildFile; fileRef = B136590F1B91780E00292933 /* ViewController.swift */; };
		B13659131B91780E00292933 /* Main.storyboard in Resources */ = {isa = PBXBuildFile; fileRef = B13659111B91780E00292933 /* Main.storyboard */; };
		B13659151B91780E00292933 /* Images.xcassets in Resources */ = {isa = PBXBuildFile; fileRef = B13659141B91780E00292933 /* Images.xcassets */; };
		B13659181B91780E00292933 /* LaunchScreen.xib in Resources */ = {isa = PBXBuildFile; fileRef = B13659161B91780E00292933 /* LaunchScreen.xib */; };
		B13659241B91780E00292933 /* sea_levelTests.swift in Sources */ = {isa = PBXBuildFile; fileRef = B13659231B91780E00292933 /* sea_levelTests.swift */; };
/* End PBXBuildFile section */

/* Begin PBXContainerItemProxy section */
		B136591E1B91780E00292933 /* PBXContainerItemProxy */ = {
			isa = PBXContainerItemProxy;
			containerPortal = B13659001B91780D00292933 /* Project object */;
			proxyType = 1;
			remoteGlobalIDString = B13659071B91780D00292933;
			remoteInfo = "sea-level";
		};
/* End PBXContainerItemProxy section */

/* Begin PBXFileReference section */
		B13659081B91780D00292933 /* sea-level.app */ = {isa = PBXFileReference; explicitFileType = wrapper.application; includeInIndex = 0; path = "sea-level.app"; sourceTree = BUILT_PRODUCTS_DIR; };
		B136590C1B91780E00292933 /* Info.plist */ = {isa = PBXFileReference; lastKnownFileType = text.plist.xml; path = Info.plist; sourceTree = "<group>"; };
		B136590D1B91780E00292933 /* AppDelegate.swift */ = {isa = PBXFileReference; lastKnownFileType = sourcecode.swift; path = AppDelegate.swift; sourceTree = "<group>"; };
		B136590F1B91780E00292933 /* ViewController.swift */ = {isa = PBXFileReference; lastKnownFileType = sourcecode.swift; path = ViewController.swift; sourceTree = "<group>"; };
		B13659121B91780E00292933 /* Base */ = {isa = PBXFileReference; lastKnownFileType = file.storyboard; name = Base; path = Base.lproj/Main.storyboard; sourceTree = "<group>"; };
		B13659141B91780E00292933 /* Images.xcassets */ = {isa = PBXFileReference; lastKnownFileType = folder.assetcatalog; path = Images.xcassets; sourceTree = "<group>"; };
		B13659171B91780E00292933 /* Base */ = {isa = PBXFileReference; lastKnownFileType = file.xib; name = Base; path = Base.lproj/LaunchScreen.xib; sourceTree = "<group>"; };
		B136591D1B91780E00292933 /* sea-levelTests.xctest */ = {isa = PBXFileReference; explicitFileType = wrapper.cfbundle; includeInIndex = 0; path = "sea-levelTests.xctest"; sourceTree = BUILT_PRODUCTS_DIR; };
		B13659221B91780E00292933 /* Info.plist */ = {isa = PBXFileReference; lastKnownFileType = text.plist.xml; path = Info.plist; sourceTree = "<group>"; };
		B13659231B91780E00292933 /* sea_levelTests.swift */ = {isa = PBXFileReference; lastKnownFileType = sourcecode.swift; path = sea_levelTests.swift; sourceTree = "<group>"; };
/* End PBXFileReference section */

/* Begin PBXFrameworksBuildPhase section */
		B13659051B91780D00292933 /* Frameworks */ = {
			isa = PBXFrameworksBuildPhase;
			buildActionMask = 2147483647;
			files = (
			);
			runOnlyForDeploymentPostprocessing = 0;
		};
		B136591A1B91780E00292933 /* Frameworks */ = {
			isa = PBXFrameworksBuildPhase;
			buildActionMask = 2147483647;
			files = (
			);
			runOnlyForDeploymentPostprocessing = 0;
		};
/* End PBXFrameworksBuildPhase section */

/* Begin PBXGroup section */
		B13658FF1B91780D00292933 = {
			isa = PBXGroup;
			children = (
				B136590A1B91780D00292933 /* sea-level */,
				B13659201B91780E00292933 /* sea-levelTests */,
				B13659091B91780D00292933 /* Products */,
			);
			sourceTree = "<group>";
		};
		B13659091B91780D00292933 /* Products */ = {
			isa = PBXGroup;
			children = (
				B13659081B91780D00292933 /* sea-level.app */,
				B136591D1B91780E00292933 /* sea-levelTests.xctest */,
			);
			name = Products;
			sourceTree = "<group>";
		};
		B136590A1B91780D00292933 /* sea-level */ = {
			isa = PBXGroup;
			children = (
				B136590D1B91780E00292933 /* AppDelegate.swift */,
				B136590F1B91780E00292933 /* ViewController.swift */,
				B13659111B91780E00292933 /* Main.storyboard */,
				B13659141B91780E00292933 /* Images.xcassets */,
				B13659161B91780E00292933 /* LaunchScreen.xib */,
				B136590B1B91780D00292933 /* Supporting Files */,
			);
			path = "sea-level";
			sourceTree = "<group>";
		};
		B136590B1B91780D00292933 /* Supporting Files */ = {
			isa = PBXGroup;
			children = (
				B136590C1B91780E00292933 /* Info.plist */,
			);
			name = "Supporting Files";
			sourceTree = "<group>";
		};
		B13659201B91780E00292933 /* sea-levelTests */ = {
			isa = PBXGroup;
			children = (
				B13659231B91780E00292933 /* sea_levelTests.swift */,
				B13659211B91780E00292933 /* Supporting Files */,
			);
			path = "sea-levelTests";
			sourceTree = "<group>";
		};
		B13659211B91780E00292933 /* Supporting Files */ = {
			isa = PBXGroup;
			children = (
				B13659221B91780E00292933 /* Info.plist */,
			);
			name = "Supporting Files";
			sourceTree = "<group>";
		};
/* End PBXGroup section */

/* Begin PBXNativeTarget section */
		B13659071B91780D00292933 /* sea-level */ = {
			isa = PBXNativeTarget;
			buildConfigurationList = B13659271B91780E00292933 /* Build configuration list for PBXNativeTarget "sea-level" */;
			buildPhases = (
				B13659041B91780D00292933 /* Sources */,
				B13659051B91780D00292933 /* Frameworks */,
				B13659061B91780D00292933 /* Resources */,
			);
			buildRules = (
			);
			dependencies = (
			);
			name = "sea-level";
			productName = "sea-level";
			productReference = B13659081B91780D00292933 /* sea-level.app */;
			productType = "com.apple.product-type.application";
		};
		B136591C1B91780E00292933 /* sea-levelTests */ = {
			isa = PBXNativeTarget;
			buildConfigurationList = B136592A1B91780E00292933 /* Build configuration list for PBXNativeTarget "sea-levelTests" */;
			buildPhases = (
				B13659191B91780E00292933 /* Sources */,
				B136591A1B91780E00292933 /* Frameworks */,
				B136591B1B91780E00292933 /* Resources */,
			);
			buildRules = (
			);
			dependencies = (
				B136591F1B91780E00292933 /* PBXTargetDependency */,
			);
			name = "sea-levelTests";
			productName = "sea-levelTests";
			productReference = B136591D1B91780E00292933 /* sea-levelTests.xctest */;
			productType = "com.apple.product-type.bundle.unit-test";
		};
/* End PBXNativeTarget section */

/* Begin PBXProject section */
		B13659001B91780D00292933 /* Project object */ = {
			isa = PBXProject;
			attributes = {
				LastUpgradeCheck = 0640;
				ORGANIZATIONNAME = "Reed Wilson";
				TargetAttributes = {
					B13659071B91780D00292933 = {
						CreatedOnToolsVersion = 6.4;
					};
					B136591C1B91780E00292933 = {
						CreatedOnToolsVersion = 6.4;
						TestTargetID = B13659071B91780D00292933;
					};
				};
			};
			buildConfigurationList = B13659031B91780D00292933 /* Build configuration list for PBXProject "sea-level" */;
			compatibilityVersion = "Xcode 3.2";
			developmentRegion = English;
			hasScannedForEncodings = 0;
			knownRegions = (
				en,
				Base,
			);
			mainGroup = B13658FF1B91780D00292933;
			productRefGroup = B13659091B91780D00292933 /* Products */;
			projectDirPath = "";
			projectRoot = "";
			targets = (
				B13659071B91780D00292933 /* sea-level */,
				B136591C1B91780E00292933 /* sea-levelTests */,
			);
		};
/* End PBXProject section */

/* Begin PBXResourcesBuildPhase section */
		B13659061B91780D00292933 /* Resources */ = {
			isa = PBXResourcesBuildPhase;
			buildActionMask = 2147483647;
			files = (
				B13659131B91780E00292933 /* Main.storyboard in Resources */,
				B13659181B91780E00292933 /* LaunchScreen.xib in Resources */,
				B13659151B91780E00292933 /* Images.xcassets in Resources */,
			);
			runOnlyForDeploymentPostprocessing = 0;
		};
		B136591B1B91780E00292933 /* Resources */ = {
			isa = PBXResourcesBuildPhase;
			buildActionMask = 2147483647;
			files = (
			);
			runOnlyForDeploymentPostprocessing = 0;
		};
/* End PBXResourcesBuildPhase section */

/* Begin PBXSourcesBuildPhase section */
		B13659041B91780D00292933 /* Sources */ = {
			isa = PBXSourcesBuildPhase;
			buildActionMask = 2147483647;
			files = (
				B13659101B91780E00292933 /* ViewController.swift in Sources */,
				B136590E1B91780E00292933 /* AppDelegate.swift in Sources */,
			);
			runOnlyForDeploymentPostprocessing = 0;
		};
		B13659191B91780E00292933 /* Sources */ = {
			isa = PBXSourcesBuildPhase;
			buildActionMask = 2147483647;
			files = (
				B13659241B91780E00292933 /* sea_levelTests.swift in Sources */,
			);
			runOnlyForDeploymentPostprocessing = 0;
		};
/* End PBXSourcesBuildPhase section */

/* Begin PBXTargetDependency section */
		B136591F1B91780E00292933 /* PBXTargetDependency */ = {
			isa = PBXTargetDependency;
			target = B13659071B91780D00292933 /* sea-level */;
			targetProxy = B136591E1B91780E00292933 /* PBXContainerItemProxy */;
		};
/* End PBXTargetDependency section */

/* Begin PBXVariantGroup section */
		B13659111B91780E00292933 /* Main.storyboard */ = {
			isa = PBXVariantGroup;
			children = (
				B13659121B91780E00292933 /* Base */,
			);
			name = Main.storyboard;
			sourceTree = "<group>";
		};
		B13659161B91780E00292933 /* LaunchScreen.xib */ = {
			isa = PBXVariantGroup;
			children = (
				B13659171B91780E00292933 /* Base */,
			);
			name = LaunchScreen.xib;
			sourceTree = "<group>";
		};
/* End PBXVariantGroup section */

/* Begin XCBuildConfiguration section */
		B13659251B91780E00292933 /* Debug */ = {
			isa = XCBuildConfiguration;
			buildSettings = {
				ALWAYS_SEARCH_USER_PATHS = NO;
				CLANG_CXX_LANGUAGE_STANDARD = "gnu++0x";
				CLANG_CXX_LIBRARY = "libc++";
				CLANG_ENABLE_MODULES = YES;
				CLANG_ENABLE_OBJC_ARC = YES;
				CLANG_WARN_BOOL_CONVERSION = YES;
				CLANG_WARN_CONSTANT_CONVERSION = YES;
				CLANG_WARN_DIRECT_OBJC_ISA_USAGE = YES_ERROR;
				CLANG_WARN_EMPTY_BODY = YES;
				CLANG_WARN_ENUM_CONVERSION = YES;
				CLANG_WARN_INT_CONVERSION = YES;
				CLANG_WARN_OBJC_ROOT_CLASS = YES_ERROR;
				CLANG_WARN_UNREACHABLE_CODE = YES;
				CLANG_WARN__DUPLICATE_METHOD_MATCH = YES;
				"CODE_SIGN_IDENTITY[sdk=iphoneos*]" = "iPhone Developer";
				COPY_PHASE_STRIP = NO;
				DEBUG_INFORMATION_FORMAT = "dwarf-with-dsym";
				ENABLE_STRICT_OBJC_MSGSEND = YES;
				GCC_C_LANGUAGE_STANDARD = gnu99;
				GCC_DYNAMIC_NO_PIC = NO;
				GCC_NO_COMMON_BLOCKS = YES;
				GCC_OPTIMIZATION_LEVEL = 0;
				GCC_PREPROCESSOR_DEFINITIONS = (
					"DEBUG=1",
					"$(inherited)",
				);
				GCC_SYMBOLS_PRIVATE_EXTERN = NO;
				GCC_WARN_64_TO_32_BIT_CONVERSION = YES;
				GCC_WARN_ABOUT_RETURN_TYPE = YES_ERROR;
				GCC_WARN_UNDECLARED_SELECTOR = YES;
				GCC_WARN_UNINITIALIZED_AUTOS = YES_AGGRESSIVE;
				GCC_WARN_UNUSED_FUNCTION = YES;
				GCC_WARN_UNUSED_VARIABLE = YES;
				IPHONEOS_DEPLOYMENT_TARGET = 8.4;
				MTL_ENABLE_DEBUG_INFO = YES;
				ONLY_ACTIVE_ARCH = YES;
				SDKROOT = iphoneos;
				SWIFT_OPTIMIZATION_LEVEL = "-Onone";
				TARGETED_DEVICE_FAMILY = "1,2";
			};
			name = Debug;
		};
		B13659261B91780E00292933 /* Release */ = {
			isa = XCBuildConfiguration;
			buildSettings = {
				ALWAYS_SEARCH_USER_PATHS = NO;
				CLANG_CXX_LANGUAGE_STANDARD = "gnu++0x";
				CLANG_CXX_LIBRARY = "libc++";
				CLANG_ENABLE_MODULES = YES;
				CLANG_ENABLE_OBJC_ARC = YES;
				CLANG_WARN_BOOL_CONVERSION = YES;
				CLANG_WARN_CONSTANT_CONVERSION = YES;
				CLANG_WARN_DIRECT_OBJC_ISA_USAGE = YES_ERROR;
				CLANG_WARN_EMPTY_BODY = YES;
				CLANG_WARN_ENUM_CONVERSION = YES;
				CLANG_WARN_INT_CONVERSION = YES;
				CLANG_WARN_OBJC_ROOT_CLASS = YES_ERROR;
				CLANG_WARN_UNREACHABLE_CODE = YES;
				CLANG_WARN__DUPLICATE_METHOD_MATCH = YES;
				"CODE_SIGN_IDENTITY[sdk=iphoneos*]" = "iPhone Developer";
				COPY_PHASE_STRIP = NO;
				DEBUG_INFORMATION_FORMAT = "dwarf-with-dsym";
				ENABLE_NS_ASSERTIONS = NO;
				ENABLE_STRICT_OBJC_MSGSEND = YES;
				GCC_C_LANGUAGE_STANDARD = gnu99;
				GCC_NO_COMMON_BLOCKS = YES;
				GCC_WARN_64_TO_32_BIT_CONVERSION = YES;
				GCC_WARN_ABOUT_RETURN_TYPE = YES_ERROR;
				GCC_WARN_UNDECLARED_SELECTOR = YES;
				GCC_WARN_UNINITIALIZED_AUTOS = YES_AGGRESSIVE;
				GCC_WARN_UNUSED_FUNCTION = YES;
				GCC_WARN_UNUSED_VARIABLE = YES;
				IPHONEOS_DEPLOYMENT_TARGET = 8.4;
				MTL_ENABLE_DEBUG_INFO = NO;
				SDKROOT = iphoneos;
				TARGETED_DEVICE_FAMILY = "1,2";
				VALIDATE_PRODUCT = YES;
			};
			name = Release;
		};
		B13659281B91780E00292933 /* Debug */ = {
			isa = XCBuildConfiguration;
			buildSettings = {
				ASSETCATALOG_COMPILER_APPICON_NAME = AppIcon;
				INFOPLIST_FILE = "sea-level/Info.plist";
				LD_RUNPATH_SEARCH_PATHS = "$(inherited) @executable_path/Frameworks";
				PRODUCT_NAME = "$(TARGET_NAME)";
			};
			name = Debug;
		};
		B13659291B91780E00292933 /* Release */ = {
			isa = XCBuildConfiguration;
			buildSettings = {
				ASSETCATALOG_COMPILER_APPICON_NAME = AppIcon;
				INFOPLIST_FILE = "sea-level/Info.plist";
				LD_RUNPATH_SEARCH_PATHS = "$(inherited) @executable_path/Frameworks";
				PRODUCT_NAME = "$(TARGET_NAME)";
			};
			name = Release;
		};
		B136592B1B91780E00292933 /* Debug */ = {
			isa = XCBuildConfiguration;
			buildSettings = {
				BUNDLE_LOADER = "$(TEST_HOST)";
				FRAMEWORK_SEARCH_PATHS = (
					"$(SDKROOT)/Developer/Library/Frameworks",
					"$(inherited)",
				);
				GCC_PREPROCESSOR_DEFINITIONS = (
					"DEBUG=1",
					"$(inherited)",
				);
				INFOPLIST_FILE = "sea-levelTests/Info.plist";
				LD_RUNPATH_SEARCH_PATHS = "$(inherited) @executable_path/Frameworks @loader_path/Frameworks";
				PRODUCT_NAME = "$(TARGET_NAME)";
				TEST_HOST = "$(BUILT_PRODUCTS_DIR)/sea-level.app/sea-level";
			};
			name = Debug;
		};
		B136592C1B91780E00292933 /* Release */ = {
			isa = XCBuildConfiguration;
			buildSettings = {
				BUNDLE_LOADER = "$(TEST_HOST)";
				FRAMEWORK_SEARCH_PATHS = (
					"$(SDKROOT)/Developer/Library/Frameworks",
					"$(inherited)",
				);
				INFOPLIST_FILE = "sea-levelTests/Info.plist";
				LD_RUNPATH_SEARCH_PATHS = "$(inherited) @executable_path/Frameworks @loader_path/Frameworks";
				PRODUCT_NAME = "$(TARGET_NAME)";
				TEST_HOST = "$(BUILT_PRODUCTS_DIR)/sea-level.app/sea-level";
			};
			name = Release;
		};
/* End XCBuildConfiguration section */

/* Begin XCConfigurationList section */
		B13659031B91780D00292933 /* Build configuration list for PBXProject "sea-level" */ = {
			isa = XCConfigurationList;
			buildConfigurations = (
				B13659251B91780E00292933 /* Debug */,
				B13659261B91780E00292933 /* Release */,
			);
			defaultConfigurationIsVisible = 0;
			defaultConfigurationName = Release;
		};
		B13659271B91780E00292933 /* Build configuration list for PBXNativeTarget "sea-level" */ = {
			isa = XCConfigurationList;
			buildConfigurations = (
				B13659281B91780E00292933 /* Debug */,
				B13659291B91780E00292933 /* Release */,
			);
			defaultConfigurationIsVisible = 0;
		};
		B136592A1B91780E00292933 /* Build configuration list for PBXNativeTarget "sea-levelTests" */ = {
			isa = XCConfigurationList;
			buildConfigurations = (
				B136592B1B91780E00292933 /* Debug */,
				B136592C1B91780E00292933 /* Release */,
			);
			defaultConfigurationIsVisible = 0;
		};
/* End XCConfigurationList section */
	};
	rootObject = B13659001B91780D00292933 /* Project object */;
}
